
Microsoft Visual Studio Solution File, Format Version 12.00
# Visual Studio Version 17
VisualStudioVersion = 17.5.33516.290
MinimumVisualStudioVersion = 10.0.40219.1
Project("{9A19103F-16F7-4668-BE54-9A1E7A4F7556}") = "T2203E-demo", "T2203E-demo\T2203E-demo.csproj", "{4360BFCF-2808-4490-9574-8D8026AFDE7A}"
EndProject
Project("{9A19103F-16F7-4668-BE54-9A1E7A4F7556}") = "ASP.NET API", "ASP.NET API\ASP.NET API.csproj", "{FD91B04F-1F66-4418-AA0F-BBA5689EF5AF}"
EndProject
Project("{FAE04EC0-301F-11D3-BF4B-00C04F79EFBC}") = "Exam", "Exam\Exam.csproj", "{B4C9F30D-9723-46BE-A5C6-D4494B6F2439}"
EndProject
Global
	GlobalSection(SolutionConfigurationPlatforms) = preSolution
		Debug|Any CPU = Debug|Any CPU
		Release|Any CPU = Release|Any CPU
	EndGlobalSection
	GlobalSection(ProjectConfigurationPlatforms) = postSolution
		{4360BFCF-2808-4490-9574-8D8026AFDE7A}.Debug|Any CPU.ActiveCfg = Debug|Any CPU
		{4360BFCF-2808-4490-9574-8D8026AFDE7A}.Debug|Any CPU.Build.0 = Debug|Any CPU
		{4360BFCF-2808-4490-9574-8D8026AFDE7A}.Release|Any CPU.ActiveCfg = Release|Any CPU
		{4360BFCF-2808-4490-9574-8D8026AFDE7A}.Release|Any CPU.Build.0 = Release|Any CPU
		{FD91B04F-1F66-4418-AA0F-BBA5689EF5AF}.Debug|Any CPU.ActiveCfg = Debug|Any CPU
		{FD91B04F-1F66-4418-AA0F-BBA5689EF5AF}.Debug|Any CPU.Build.0 = Debug|Any CPU
		{FD91B04F-1F66-4418-AA0F-BBA5689EF5AF}.Release|Any CPU.ActiveCfg = Release|Any CPU
		{FD91B04F-1F66-4418-AA0F-BBA5689EF5AF}.Release|Any CPU.Build.0 = Release|Any CPU
		{B4C9F30D-9723-46BE-A5C6-D4494B6F2439}.Debug|Any CPU.ActiveCfg = Debug|Any CPU
		{B4C9F30D-9723-46BE-A5C6-D4494B6F2439}.Debug|Any CPU.Build.0 = Debug|Any CPU
		{B4C9F30D-9723-46BE-A5C6-D4494B6F2439}.Release|Any CPU.ActiveCfg = Release|Any CPU
		{B4C9F30D-9723-46BE-A5C6-D4494B6F2439}.Release|Any CPU.Build.0 = Release|Any CPU
	EndGlobalSection
	GlobalSection(SolutionProperties) = preSolution
		HideSolutionNode = FALSE
	EndGlobalSection
	GlobalSection(ExtensibilityGlobals) = postSolution
		SolutionGuid = {FFF5225C-E2AB-465E-B7B4-E5DD4503EE49}
	EndGlobalSection
EndGlobal
